{
  "name": "Project01",
  "lockfileVersion": 3,
  "requires": true,
  "packages": {
    "": {
      "devDependencies": {
        "baseline-browser-mapping": "^2.9.7"
      }
    },
    "node_modules/baseline-browser-mapping": {
      "version": "2.9.7",
      "resolved": "https://registry.npmjs.org/baseline-browser-mapping/-/baseline-browser-mapping-2.9.7.tgz",
      "integrity": "sha512-k9xFKplee6KIio3IDbwj+uaCLpqzOwakOgmqzPezM0sFJlFKcg30vk2wOiAJtkTSfx0SSQDSe8q+mWA/fSH5Zg==",
      "dev": true,
      "license": "Apache-2.0",
      "bin": {
        "baseline-browser-mapping": "dist/cli.js"
      }
    }
  }
}
